
Microsoft Visual Studio Solution File, Format Version 12.00
# Visual Studio Version 16
VisualStudioVersion = 16.0.31424.327
MinimumVisualStudioVersion = 10.0.40219.1
Project("{FAE04EC0-301F-11D3-BF4B-00C04F79EFBC}") = "ExercicioStream", "ExercicioStream\ExercicioStream.csproj", "{068088AD-EB07-4F19-A93D-CDA1D621CF6B}"
EndProject
Global
	GlobalSection(SolutionConfigurationPlatforms) = preSolution
		Debug|Any CPU = Debug|Any CPU
		Release|Any CPU = Release|Any CPU
	EndGlobalSection
	GlobalSection(ProjectConfigurationPlatforms) = postSolution
		{068088AD-EB07-4F19-A93D-CDA1D621CF6B}.Debug|Any CPU.ActiveCfg = Debug|Any CPU
		{068088AD-EB07-4F19-A93D-CDA1D621CF6B}.Debug|Any CPU.Build.0 = Debug|Any CPU
		{068088AD-EB07-4F19-A93D-CDA1D621CF6B}.Release|Any CPU.ActiveCfg = Release|Any CPU
		{068088AD-EB07-4F19-A93D-CDA1D621CF6B}.Release|Any CPU.Build.0 = Release|Any CPU
	EndGlobalSection
	GlobalSection(SolutionProperties) = preSolution
		HideSolutionNode = FALSE
	EndGlobalSection
	GlobalSection(ExtensibilityGlobals) = postSolution
		SolutionGuid = {A01AC5F0-B28E-43C0-A1DB-4CB48F24DA99}
	EndGlobalSection
EndGlobal
